{
  "name": "castellano",
  "version": "0.1.5",
  "lockfileVersion": 3,
  "requires": true,
  "packages": {
    "": {
      "name": "castellano",
      "version": "0.1.5",
      "license": "MIT",
      "devDependencies": {
        "best-globals": "^2.0.7",
        "dialog-promise": "^0.10.5"
      },
      "engines": {
        "node": ">= 16"
      }
    },
    "node_modules/best-globals": {
      "version": "2.0.7",
      "resolved": "https://registry.npmjs.org/best-globals/-/best-globals-2.0.7.tgz",
      "integrity": "sha512-fx/I2Ja92+dETcnRSgKUmAVd1aTKoVA7NBx9kY7cdEMwH+nQfbgvzzbFNznyzl7/M26tulgRP7CJOXcpyFmvgQ==",
      "dev": true,
      "license": "MIT",
      "engines": {
        "node": ">= 12"
      }
    },
    "node_modules/dialog-promise": {
      "version": "0.10.5",
      "resolved": "https://registry.npmjs.org/dialog-promise/-/dialog-promise-0.10.5.tgz",
      "integrity": "sha512-j36ZYm/2331Mf1uYgGr6iSQf+31O0GQOVSv7yYavH5U0kpAfkzxuwS11tzuN1udx1Jnul1smkS2UjDkyV+XpFQ==",
      "dev": true,
      "license": "MIT",
      "dependencies": {
        "best-globals": "^2.0.7"
      },
      "engines": {
        "node": ">= 16"
      }
    }
  }
}
