{
  "name": "castellano",
  "version": "0.1.4",
  "lockfileVersion": 3,
  "requires": true,
  "packages": {
    "": {
      "name": "castellano",
      "version": "0.1.4",
      "license": "MIT",
      "devDependencies": {
        "best-globals": "~1.1.4",
        "dialog-promise": "~0.9.15"
      },
      "engines": {
        "node": ">= 16"
      }
    },
    "node_modules/best-globals": {
      "version": "1.1.4",
      "resolved": "https://registry.npmjs.org/best-globals/-/best-globals-1.1.4.tgz",
      "integrity": "sha512-gqWSl+QvcBrRTzGgacKbqnmB2tAJG81hgkceKxZVK3GToXEHidPud4oxfWjcmLSxZ8RvySox2ZA0icpWrvu4Dw==",
      "dev": true,
      "engines": {
        "node": ">= 12"
      }
    },
    "node_modules/dialog-promise": {
      "version": "0.9.15",
      "resolved": "https://registry.npmjs.org/dialog-promise/-/dialog-promise-0.9.15.tgz",
      "integrity": "sha512-zruJKn9iHoTuU8vA7XB63a3BAevObPjhrM4XOcXk9v8UXVdAxNggZLShSlFlBmBuPRE1t5gANnct/eOiy/HweA==",
      "dev": true,
      "engines": {
        "node": ">= 8"
      }
    }
  }
}
