{
  "name": "castellano",
  "version": "0.1.4",
  "lockfileVersion": 3,
  "requires": true,
  "packages": {
    "": {
      "name": "castellano",
      "version": "0.1.4",
      "license": "MIT",
      "devDependencies": {
        "best-globals": "~2.0.1",
        "dialog-promise": "~0.10.2"
      },
      "engines": {
        "node": ">= 16"
      }
    },
    "node_modules/best-globals": {
      "version": "2.0.1",
      "resolved": "https://registry.npmjs.org/best-globals/-/best-globals-2.0.1.tgz",
      "integrity": "sha512-KBriFTMCQ4+Pz4BTuIO0bah92aPxVxCjppxjUEqrRgzLoJoF9i5dLMOdTVQMBuSaK4CyjycTYW/x3qcBs8T4ag==",
      "dev": true,
      "license": "MIT",
      "engines": {
        "node": ">= 12"
      }
    },
    "node_modules/dialog-promise": {
      "version": "0.10.2",
      "resolved": "https://registry.npmjs.org/dialog-promise/-/dialog-promise-0.10.2.tgz",
      "integrity": "sha512-48atlrz9sBdt9GzNTHelqP/+x+hz8O9jRIcMdnx+rBBSeuMROhvb85OUzIt0JkN0KRX4F7zr8/HsxQWgp6t0/A==",
      "dev": true,
      "license": "MIT",
      "dependencies": {
        "best-globals": "^2.0.1"
      },
      "engines": {
        "node": ">= 16"
      }
    }
  }
}
